
Microsoft Visual Studio Solution File, Format Version 12.00
# Visual Studio Version 16
VisualStudioVersion = 16.0.30309.148
MinimumVisualStudioVersion = 10.0.40219.1
Project("{FAE04EC0-301F-11D3-BF4B-00C04F79EFBC}") = "ВерюНеВерю", "ВерюНеВерю\ВерюНеВерю.csproj", "{88864222-7218-408C-B812-6DC46952625B}"
EndProject
Global
	GlobalSection(SolutionConfigurationPlatforms) = preSolution
		Debug|Any CPU = Debug|Any CPU
		Release|Any CPU = Release|Any CPU
	EndGlobalSection
	GlobalSection(ProjectConfigurationPlatforms) = postSolution
		{88864222-7218-408C-B812-6DC46952625B}.Debug|Any CPU.ActiveCfg = Debug|Any CPU
		{88864222-7218-408C-B812-6DC46952625B}.Debug|Any CPU.Build.0 = Debug|Any CPU
		{88864222-7218-408C-B812-6DC46952625B}.Release|Any CPU.ActiveCfg = Release|Any CPU
		{88864222-7218-408C-B812-6DC46952625B}.Release|Any CPU.Build.0 = Release|Any CPU
	EndGlobalSection
	GlobalSection(SolutionProperties) = preSolution
		HideSolutionNode = FALSE
	EndGlobalSection
	GlobalSection(ExtensibilityGlobals) = postSolution
		SolutionGuid = {FCE43B99-A982-4A7E-8031-0E5B2B2E0049}
	EndGlobalSection
EndGlobal
